
Microsoft Visual Studio Solution File, Format Version 12.00
Project("{FAE04EC0-301F-11D3-BF4B-00C04F79EFBC}") = "open-tk-renderer", "open-tk-renderer.csproj", "{55E3C641-F121-4A33-BA34-0E52A461E5FE}"
EndProject
Global
	GlobalSection(SolutionConfigurationPlatforms) = preSolution
		Debug|Any CPU = Debug|Any CPU
		Release|Any CPU = Release|Any CPU
	EndGlobalSection
	GlobalSection(ProjectConfigurationPlatforms) = postSolution
		{55E3C641-F121-4A33-BA34-0E52A461E5FE}.Debug|Any CPU.ActiveCfg = Debug|Any CPU
		{55E3C641-F121-4A33-BA34-0E52A461E5FE}.Debug|Any CPU.Build.0 = Debug|Any CPU
		{55E3C641-F121-4A33-BA34-0E52A461E5FE}.Release|Any CPU.ActiveCfg = Release|Any CPU
		{55E3C641-F121-4A33-BA34-0E52A461E5FE}.Release|Any CPU.Build.0 = Release|Any CPU
	EndGlobalSection
EndGlobal
